
Microsoft Visual Studio Solution File, Format Version 12.00
Project("{FAE04EC0-301F-11D3-BF4B-00C04F79EFBC}") = "TreeProblemTemplate", "TreeProblemTemplate.csproj", "{2E03F4B5-686E-454C-ACD3-5E3C57416D1D}"
EndProject
Global
	GlobalSection(SolutionConfigurationPlatforms) = preSolution
		Debug|Any CPU = Debug|Any CPU
		Release|Any CPU = Release|Any CPU
	EndGlobalSection
	GlobalSection(ProjectConfigurationPlatforms) = postSolution
		{2E03F4B5-686E-454C-ACD3-5E3C57416D1D}.Debug|Any CPU.ActiveCfg = Debug|Any CPU
		{2E03F4B5-686E-454C-ACD3-5E3C57416D1D}.Debug|Any CPU.Build.0 = Debug|Any CPU
		{2E03F4B5-686E-454C-ACD3-5E3C57416D1D}.Release|Any CPU.ActiveCfg = Release|Any CPU
		{2E03F4B5-686E-454C-ACD3-5E3C57416D1D}.Release|Any CPU.Build.0 = Release|Any CPU
	EndGlobalSection
EndGlobal
